
Microsoft Visual Studio Solution File, Format Version 12.00
# Visual Studio Version 16
VisualStudioVersion = 16.0.32228.343
MinimumVisualStudioVersion = 10.0.40219.1
Project("{FAE04EC0-301F-11D3-BF4B-00C04F79EFBC}") = "ConsoleApp5", "ConsoleApp5.csproj", "{52219C9D-93D2-4AD4-9B4D-C6884B10D829}"
EndProject
Project("{9A19103F-16F7-4668-BE54-9A1E7A4F7556}") = "ClassLibrary1", "..\ClassLibrary1\ClassLibrary1.csproj", "{F7B1E91E-8D6C-4606-97B6-4C2511CFA230}"
EndProject
Global
	GlobalSection(SolutionConfigurationPlatforms) = preSolution
		Debug|Any CPU = Debug|Any CPU
		Debug|x64 = Debug|x64
		Debug|x86 = Debug|x86
		Release|Any CPU = Release|Any CPU
		Release|x64 = Release|x64
		Release|x86 = Release|x86
	EndGlobalSection
	GlobalSection(ProjectConfigurationPlatforms) = postSolution
		{52219C9D-93D2-4AD4-9B4D-C6884B10D829}.Debug|Any CPU.ActiveCfg = Debug|Any CPU
		{52219C9D-93D2-4AD4-9B4D-C6884B10D829}.Debug|Any CPU.Build.0 = Debug|Any CPU
		{52219C9D-93D2-4AD4-9B4D-C6884B10D829}.Debug|x64.ActiveCfg = Debug|Any CPU
		{52219C9D-93D2-4AD4-9B4D-C6884B10D829}.Debug|x64.Build.0 = Debug|Any CPU
		{52219C9D-93D2-4AD4-9B4D-C6884B10D829}.Debug|x86.ActiveCfg = Debug|Any CPU
		{52219C9D-93D2-4AD4-9B4D-C6884B10D829}.Debug|x86.Build.0 = Debug|Any CPU
		{52219C9D-93D2-4AD4-9B4D-C6884B10D829}.Release|Any CPU.ActiveCfg = Release|Any CPU
		{52219C9D-93D2-4AD4-9B4D-C6884B10D829}.Release|Any CPU.Build.0 = Release|Any CPU
		{52219C9D-93D2-4AD4-9B4D-C6884B10D829}.Release|x64.ActiveCfg = Release|Any CPU
		{52219C9D-93D2-4AD4-9B4D-C6884B10D829}.Release|x64.Build.0 = Release|Any CPU
		{52219C9D-93D2-4AD4-9B4D-C6884B10D829}.Release|x86.ActiveCfg = Release|Any CPU
		{52219C9D-93D2-4AD4-9B4D-C6884B10D829}.Release|x86.Build.0 = Release|Any CPU
		{F7B1E91E-8D6C-4606-97B6-4C2511CFA230}.Debug|Any CPU.ActiveCfg = Debug|Any CPU
		{F7B1E91E-8D6C-4606-97B6-4C2511CFA230}.Debug|Any CPU.Build.0 = Debug|Any CPU
		{F7B1E91E-8D6C-4606-97B6-4C2511CFA230}.Debug|x64.ActiveCfg = Debug|x64
		{F7B1E91E-8D6C-4606-97B6-4C2511CFA230}.Debug|x64.Build.0 = Debug|x64
		{F7B1E91E-8D6C-4606-97B6-4C2511CFA230}.Debug|x86.ActiveCfg = Debug|x86
		{F7B1E91E-8D6C-4606-97B6-4C2511CFA230}.Debug|x86.Build.0 = Debug|x86
		{F7B1E91E-8D6C-4606-97B6-4C2511CFA230}.Release|Any CPU.ActiveCfg = Release|Any CPU
		{F7B1E91E-8D6C-4606-97B6-4C2511CFA230}.Release|Any CPU.Build.0 = Release|Any CPU
		{F7B1E91E-8D6C-4606-97B6-4C2511CFA230}.Release|x64.ActiveCfg = Release|x64
		{F7B1E91E-8D6C-4606-97B6-4C2511CFA230}.Release|x64.Build.0 = Release|x64
		{F7B1E91E-8D6C-4606-97B6-4C2511CFA230}.Release|x86.ActiveCfg = Release|x86
		{F7B1E91E-8D6C-4606-97B6-4C2511CFA230}.Release|x86.Build.0 = Release|x86
	EndGlobalSection
	GlobalSection(SolutionProperties) = preSolution
		HideSolutionNode = FALSE
	EndGlobalSection
	GlobalSection(ExtensibilityGlobals) = postSolution
		SolutionGuid = {25B491CF-1C77-4ABB-A53E-01A060A8E5CB}
	EndGlobalSection
EndGlobal
